// !$*UTF8*$!
{
	archiveVersion = 1;
	classes = {
	};
	objectVersion = 46;
	objects = {

/* Begin PBXBuildFile section */
		9A7E48061EED933900418159 /* AppDelegate.swift in Sources */ = {isa = PBXBuildFile; fileRef = 9A7E48051EED933900418159 /* AppDelegate.swift */; };
		9A7E48081EED933900418159 /* MapViewController.swift in Sources */ = {isa = PBXBuildFile; fileRef = 9A7E48071EED933900418159 /* MapViewController.swift */; };
		9A7E480B1EED933900418159 /* Main.storyboard in Resources */ = {isa = PBXBuildFile; fileRef = 9A7E48091EED933900418159 /* Main.storyboard */; };
		9A7E480D1EED933900418159 /* Assets.xcassets in Resources */ = {isa = PBXBuildFile; fileRef = 9A7E480C1EED933900418159 /* Assets.xcassets */; };
		9A7E48101EED933900418159 /* LaunchScreen.storyboard in Resources */ = {isa = PBXBuildFile; fileRef = 9A7E480E1EED933900418159 /* LaunchScreen.storyboard */; };
		9A7E48181EED96E700418159 /* MapView.swift in Sources */ = {isa = PBXBuildFile; fileRef = 9A7E48171EED96E700418159 /* MapView.swift */; };
		9A7E498C1EED9A7400418159 /* DrawObject.swift in Sources */ = {isa = PBXBuildFile; fileRef = 9A7E49861EED9A7400418159 /* DrawObject.swift */; };
		9A7E498D1EED9A7400418159 /* Line.swift in Sources */ = {isa = PBXBuildFile; fileRef = 9A7E49871EED9A7400418159 /* Line.swift */; };
		9A7E498E1EED9A7400418159 /* Circle.swift in Sources */ = {isa = PBXBuildFile; fileRef = 9A7E49881EED9A7400418159 /* Circle.swift */; };
		9A7E498F1EED9A7400418159 /* BeaconCircle.swift in Sources */ = {isa = PBXBuildFile; fileRef = 9A7E49891EED9A7400418159 /* BeaconCircle.swift */; };
		9A7E49901EED9A7400418159 /* UserCircle.swift in Sources */ = {isa = PBXBuildFile; fileRef = 9A7E498A1EED9A7400418159 /* UserCircle.swift */; };
		9A7E49911EED9A7400418159 /* UserRawCircle.swift in Sources */ = {isa = PBXBuildFile; fileRef = 9A7E498B1EED9A7400418159 /* UserRawCircle.swift */; };
		9A7E49951EED9A9000418159 /* MapBounds.swift in Sources */ = {isa = PBXBuildFile; fileRef = 9A7E49931EED9A9000418159 /* MapBounds.swift */; };
		9A7E49961EED9A9000418159 /* MapOffset.swift in Sources */ = {isa = PBXBuildFile; fileRef = 9A7E49941EED9A9000418159 /* MapOffset.swift */; };
		9A7E49991EED9AC400418159 /* Floor.swift in Sources */ = {isa = PBXBuildFile; fileRef = 9A7E49981EED9AC400418159 /* Floor.swift */; };
		9A7E499F1EED9AD800418159 /* Wall.swift in Sources */ = {isa = PBXBuildFile; fileRef = 9A7E499B1EED9AD800418159 /* Wall.swift */; };
		9A7E49A01EED9AD800418159 /* Door.swift in Sources */ = {isa = PBXBuildFile; fileRef = 9A7E499C1EED9AD800418159 /* Door.swift */; };
		9A7E49A11EED9AD800418159 /* DoorWithCoordinates.swift in Sources */ = {isa = PBXBuildFile; fileRef = 9A7E499D1EED9AD800418159 /* DoorWithCoordinates.swift */; };
		9A7E49A21EED9AD800418159 /* Beacon.swift in Sources */ = {isa = PBXBuildFile; fileRef = 9A7E499E1EED9AD800418159 /* Beacon.swift */; };
		9A7E49A41EED9B6A00418159 /* ApplicationManager.swift in Sources */ = {isa = PBXBuildFile; fileRef = 9A7E49A31EED9B6A00418159 /* ApplicationManager.swift */; };
		9A7E49A71EED9B9100418159 /* GestureRecognizerDelegate.swift in Sources */ = {isa = PBXBuildFile; fileRef = 9A7E49A51EED9B9100418159 /* GestureRecognizerDelegate.swift */; };
		9A7E49A81EED9B9100418159 /* GeoLocation.swift in Sources */ = {isa = PBXBuildFile; fileRef = 9A7E49A61EED9B9100418159 /* GeoLocation.swift */; };
		9A7E49AA1EED9BAC00418159 /* BeaconRangingPoint.swift in Sources */ = {isa = PBXBuildFile; fileRef = 9A7E49A91EED9BAC00418159 /* BeaconRangingPoint.swift */; };
		9A7E49B61EED9BDF00418159 /* libAprilBeaconSDK.a in Frameworks */ = {isa = PBXBuildFile; fileRef = 9A7E49B51EED9BDF00418159 /* libAprilBeaconSDK.a */; };
		9A7E49BA1EED9D0900418159 /* CoordinatesConverter.swift in Sources */ = {isa = PBXBuildFile; fileRef = 9A7E49B91EED9D0900418159 /* CoordinatesConverter.swift */; };
		9A7E49C31EED9D6900418159 /* BeaconManager.swift in Sources */ = {isa = PBXBuildFile; fileRef = 9A7E49BC1EED9D6900418159 /* BeaconManager.swift */; };
		9A7E49C41EED9D6900418159 /* TestBeaconManager.swift in Sources */ = {isa = PBXBuildFile; fileRef = 9A7E49BD1EED9D6900418159 /* TestBeaconManager.swift */; };
		9A7E49C51EED9D6900418159 /* BeaconManagerProtocol.swift in Sources */ = {isa = PBXBuildFile; fileRef = 9A7E49BE1EED9D6900418159 /* BeaconManagerProtocol.swift */; };
		9A7E49C61EED9D6900418159 /* BluetoothManagerDelegate.swift in Sources */ = {isa = PBXBuildFile; fileRef = 9A7E49BF1EED9D6900418159 /* BluetoothManagerDelegate.swift */; };
		9A7E49C71EED9D6900418159 /* BeaconDelegate.swift in Sources */ = {isa = PBXBuildFile; fileRef = 9A7E49C01EED9D6900418159 /* BeaconDelegate.swift */; };
		9A7E49C81EED9D6900418159 /* BeaconManagerDelegate.swift in Sources */ = {isa = PBXBuildFile; fileRef = 9A7E49C11EED9D6900418159 /* BeaconManagerDelegate.swift */; };
		9A7E49C91EED9D6900418159 /* BeaconRangingData.swift in Sources */ = {isa = PBXBuildFile; fileRef = 9A7E49C21EED9D6900418159 /* BeaconRangingData.swift */; };
		9A7E49CB1EED9D9800418159 /* CurrentUserLocation.swift in Sources */ = {isa = PBXBuildFile; fileRef = 9A7E49CA1EED9D9800418159 /* CurrentUserLocation.swift */; };
		9A7E49CD1EED9E0F00418159 /* MapDataParsing.swift in Sources */ = {isa = PBXBuildFile; fileRef = 9A7E49CC1EED9E0F00418159 /* MapDataParsing.swift */; };
		9A7E49CF1EED9E1900418159 /* Route.swift in Sources */ = {isa = PBXBuildFile; fileRef = 9A7E49CE1EED9E1900418159 /* Route.swift */; };
		9A7E49D11EED9E3200418159 /* LineCoordinates.swift in Sources */ = {isa = PBXBuildFile; fileRef = 9A7E49D01EED9E3200418159 /* LineCoordinates.swift */; };
		9A7E49D31EED9EBE00418159 /* Logger.swift in Sources */ = {isa = PBXBuildFile; fileRef = 9A7E49D21EED9EBE00418159 /* Logger.swift */; };
		9A7E49D51EED9EEB00418159 /* DateUtility.swift in Sources */ = {isa = PBXBuildFile; fileRef = 9A7E49D41EED9EEB00418159 /* DateUtility.swift */; };
		9A7E49D71EED9F0800418159 /* NSDictionaryUtility.swift in Sources */ = {isa = PBXBuildFile; fileRef = 9A7E49D61EED9F0800418159 /* NSDictionaryUtility.swift */; };
		9A7E49D91EED9F2800418159 /* Geometry.swift in Sources */ = {isa = PBXBuildFile; fileRef = 9A7E49D81EED9F2800418159 /* Geometry.swift */; };
		9A7E49DE1EED9F5000418159 /* APIClient.swift in Sources */ = {isa = PBXBuildFile; fileRef = 9A7E49DB1EED9F5000418159 /* APIClient.swift */; };
		9A7E49DF1EED9F5000418159 /* CurrentAPIClient.swift in Sources */ = {isa = PBXBuildFile; fileRef = 9A7E49DC1EED9F5000418159 /* CurrentAPIClient.swift */; };
		9A7E49E01EED9F5000418159 /* Request.swift in Sources */ = {isa = PBXBuildFile; fileRef = 9A7E49DD1EED9F5000418159 /* Request.swift */; };
		AC7C7C491EFD59DC00A51CCB /* Elevator.swift in Sources */ = {isa = PBXBuildFile; fileRef = AC7C7C481EFD59DC00A51CCB /* Elevator.swift */; };
		AC7C7C4B1EFD5AF300A51CCB /* SquareCoordinates.swift in Sources */ = {isa = PBXBuildFile; fileRef = AC7C7C4A1EFD5AF300A51CCB /* SquareCoordinates.swift */; };
		AC7C7C4D1EFD5DD200A51CCB /* Position.swift in Sources */ = {isa = PBXBuildFile; fileRef = AC7C7C4C1EFD5DD200A51CCB /* Position.swift */; };
		AC7C7C4F1EFD6A0B00A51CCB /* Square.swift in Sources */ = {isa = PBXBuildFile; fileRef = AC7C7C4E1EFD6A0B00A51CCB /* Square.swift */; };
		AC7C7C511F00E44A00A51CCB /* Travolator.swift in Sources */ = {isa = PBXBuildFile; fileRef = AC7C7C501F00E44A00A51CCB /* Travolator.swift */; };
		EF8A48DAFC6FF22E04B2BA42 /* Pods_VirtualMap.framework in Frameworks */ = {isa = PBXBuildFile; fileRef = E65DA63BCFF4B5C38D3205E3 /* Pods_VirtualMap.framework */; };
/* End PBXBuildFile section */

/* Begin PBXFileReference section */
		33F23F03D473BE213C1AC3EA /* Pods-VirtualMap.release.xcconfig */ = {isa = PBXFileReference; includeInIndex = 1; lastKnownFileType = text.xcconfig; name = "Pods-VirtualMap.release.xcconfig"; path = "Pods/Target Support Files/Pods-VirtualMap/Pods-VirtualMap.release.xcconfig"; sourceTree = "<group>"; };
		9A7E48021EED933900418159 /* VirtualMap.app */ = {isa = PBXFileReference; explicitFileType = wrapper.application; includeInIndex = 0; path = VirtualMap.app; sourceTree = BUILT_PRODUCTS_DIR; };
		9A7E48051EED933900418159 /* AppDelegate.swift */ = {isa = PBXFileReference; lastKnownFileType = sourcecode.swift; path = AppDelegate.swift; sourceTree = "<group>"; };
		9A7E48071EED933900418159 /* MapViewController.swift */ = {isa = PBXFileReference; lastKnownFileType = sourcecode.swift; path = MapViewController.swift; sourceTree = "<group>"; };
		9A7E480A1EED933900418159 /* Base */ = {isa = PBXFileReference; lastKnownFileType = file.storyboard; name = Base; path = Base.lproj/Main.storyboard; sourceTree = "<group>"; };
		9A7E480C1EED933900418159 /* Assets.xcassets */ = {isa = PBXFileReference; lastKnownFileType = folder.assetcatalog; path = Assets.xcassets; sourceTree = "<group>"; };
		9A7E480F1EED933900418159 /* Base */ = {isa = PBXFileReference; lastKnownFileType = file.storyboard; name = Base; path = Base.lproj/LaunchScreen.storyboard; sourceTree = "<group>"; };
		9A7E48111EED933900418159 /* Info.plist */ = {isa = PBXFileReference; lastKnownFileType = text.plist.xml; path = Info.plist; sourceTree = "<group>"; };
		9A7E48171EED96E700418159 /* MapView.swift */ = {isa = PBXFileReference; fileEncoding = 4; lastKnownFileType = sourcecode.swift; path = MapView.swift; sourceTree = "<group>"; };
		9A7E49861EED9A7400418159 /* DrawObject.swift */ = {isa = PBXFileReference; fileEncoding = 4; lastKnownFileType = sourcecode.swift; path = DrawObject.swift; sourceTree = "<group>"; };
		9A7E49871EED9A7400418159 /* Line.swift */ = {isa = PBXFileReference; fileEncoding = 4; lastKnownFileType = sourcecode.swift; path = Line.swift; sourceTree = "<group>"; };
		9A7E49881EED9A7400418159 /* Circle.swift */ = {isa = PBXFileReference; fileEncoding = 4; lastKnownFileType = sourcecode.swift; path = Circle.swift; sourceTree = "<group>"; };
		9A7E49891EED9A7400418159 /* BeaconCircle.swift */ = {isa = PBXFileReference; fileEncoding = 4; lastKnownFileType = sourcecode.swift; path = BeaconCircle.swift; sourceTree = "<group>"; };
		9A7E498A1EED9A7400418159 /* UserCircle.swift */ = {isa = PBXFileReference; fileEncoding = 4; lastKnownFileType = sourcecode.swift; path = UserCircle.swift; sourceTree = "<group>"; };
		9A7E498B1EED9A7400418159 /* UserRawCircle.swift */ = {isa = PBXFileReference; fileEncoding = 4; lastKnownFileType = sourcecode.swift; path = UserRawCircle.swift; sourceTree = "<group>"; };
		9A7E49931EED9A9000418159 /* MapBounds.swift */ = {isa = PBXFileReference; fileEncoding = 4; lastKnownFileType = sourcecode.swift; path = MapBounds.swift; sourceTree = "<group>"; };
		9A7E49941EED9A9000418159 /* MapOffset.swift */ = {isa = PBXFileReference; fileEncoding = 4; lastKnownFileType = sourcecode.swift; path = MapOffset.swift; sourceTree = "<group>"; };
		9A7E49981EED9AC400418159 /* Floor.swift */ = {isa = PBXFileReference; fileEncoding = 4; lastKnownFileType = sourcecode.swift; path = Floor.swift; sourceTree = "<group>"; };
		9A7E499B1EED9AD800418159 /* Wall.swift */ = {isa = PBXFileReference; fileEncoding = 4; lastKnownFileType = sourcecode.swift; path = Wall.swift; sourceTree = "<group>"; };
		9A7E499C1EED9AD800418159 /* Door.swift */ = {isa = PBXFileReference; fileEncoding = 4; lastKnownFileType = sourcecode.swift; path = Door.swift; sourceTree = "<group>"; };
		9A7E499D1EED9AD800418159 /* DoorWithCoordinates.swift */ = {isa = PBXFileReference; fileEncoding = 4; lastKnownFileType = sourcecode.swift; path = DoorWithCoordinates.swift; sourceTree = "<group>"; };
		9A7E499E1EED9AD800418159 /* Beacon.swift */ = {isa = PBXFileReference; fileEncoding = 4; lastKnownFileType = sourcecode.swift; path = Beacon.swift; sourceTree = "<group>"; };
		9A7E49A31EED9B6A00418159 /* ApplicationManager.swift */ = {isa = PBXFileReference; fileEncoding = 4; lastKnownFileType = sourcecode.swift; path = ApplicationManager.swift; sourceTree = "<group>"; };
		9A7E49A51EED9B9100418159 /* GestureRecognizerDelegate.swift */ = {isa = PBXFileReference; fileEncoding = 4; lastKnownFileType = sourcecode.swift; path = GestureRecognizerDelegate.swift; sourceTree = "<group>"; };
		9A7E49A61EED9B9100418159 /* GeoLocation.swift */ = {isa = PBXFileReference; fileEncoding = 4; lastKnownFileType = sourcecode.swift; path = GeoLocation.swift; sourceTree = "<group>"; };
		9A7E49A91EED9BAC00418159 /* BeaconRangingPoint.swift */ = {isa = PBXFileReference; fileEncoding = 4; lastKnownFileType = sourcecode.swift; path = BeaconRangingPoint.swift; sourceTree = "<group>"; };
		9A7E49AD1EED9BDF00418159 /* ABBeacon.h */ = {isa = PBXFileReference; fileEncoding = 4; lastKnownFileType = sourcecode.c.h; path = ABBeacon.h; sourceTree = "<group>"; };
		9A7E49AE1EED9BDF00418159 /* ABBeaconManager.h */ = {isa = PBXFileReference; fileEncoding = 4; lastKnownFileType = sourcecode.c.h; path = ABBeaconManager.h; sourceTree = "<group>"; };
		9A7E49AF1EED9BDF00418159 /* ABBeaconRegion.h */ = {isa = PBXFileReference; fileEncoding = 4; lastKnownFileType = sourcecode.c.h; path = ABBeaconRegion.h; sourceTree = "<group>"; };
		9A7E49B01EED9BDF00418159 /* ABBluetoothManager.h */ = {isa = PBXFileReference; fileEncoding = 4; lastKnownFileType = sourcecode.c.h; path = ABBluetoothManager.h; sourceTree = "<group>"; };
		9A7E49B11EED9BDF00418159 /* ABDefinitions.h */ = {isa = PBXFileReference; fileEncoding = 4; lastKnownFileType = sourcecode.c.h; path = ABDefinitions.h; sourceTree = "<group>"; };
		9A7E49B21EED9BDF00418159 /* ABError.h */ = {isa = PBXFileReference; fileEncoding = 4; lastKnownFileType = sourcecode.c.h; path = ABError.h; sourceTree = "<group>"; };
		9A7E49B31EED9BDF00418159 /* ABSensor.h */ = {isa = PBXFileReference; fileEncoding = 4; lastKnownFileType = sourcecode.c.h; path = ABSensor.h; sourceTree = "<group>"; };
		9A7E49B41EED9BDF00418159 /* AprilBeaconSDK.h */ = {isa = PBXFileReference; fileEncoding = 4; lastKnownFileType = sourcecode.c.h; path = AprilBeaconSDK.h; sourceTree = "<group>"; };
		9A7E49B51EED9BDF00418159 /* libAprilBeaconSDK.a */ = {isa = PBXFileReference; lastKnownFileType = archive.ar; path = libAprilBeaconSDK.a; sourceTree = "<group>"; };
		9A7E49B81EED9C7200418159 /* ShopRacer-Bridging-Header.h */ = {isa = PBXFileReference; lastKnownFileType = sourcecode.c.h; path = "ShopRacer-Bridging-Header.h"; sourceTree = "<group>"; };
		9A7E49B91EED9D0900418159 /* CoordinatesConverter.swift */ = {isa = PBXFileReference; fileEncoding = 4; lastKnownFileType = sourcecode.swift; path = CoordinatesConverter.swift; sourceTree = "<group>"; };
		9A7E49BC1EED9D6900418159 /* BeaconManager.swift */ = {isa = PBXFileReference; fileEncoding = 4; lastKnownFileType = sourcecode.swift; path = BeaconManager.swift; sourceTree = "<group>"; };
		9A7E49BD1EED9D6900418159 /* TestBeaconManager.swift */ = {isa = PBXFileReference; fileEncoding = 4; lastKnownFileType = sourcecode.swift; path = TestBeaconManager.swift; sourceTree = "<group>"; };
		9A7E49BE1EED9D6900418159 /* BeaconManagerProtocol.swift */ = {isa = PBXFileReference; fileEncoding = 4; lastKnownFileType = sourcecode.swift; path = BeaconManagerProtocol.swift; sourceTree = "<group>"; };
		9A7E49BF1EED9D6900418159 /* BluetoothManagerDelegate.swift */ = {isa = PBXFileReference; fileEncoding = 4; lastKnownFileType = sourcecode.swift; path = BluetoothManagerDelegate.swift; sourceTree = "<group>"; };
		9A7E49C01EED9D6900418159 /* BeaconDelegate.swift */ = {isa = PBXFileReference; fileEncoding = 4; lastKnownFileType = sourcecode.swift; path = BeaconDelegate.swift; sourceTree = "<group>"; };
		9A7E49C11EED9D6900418159 /* BeaconManagerDelegate.swift */ = {isa = PBXFileReference; fileEncoding = 4; lastKnownFileType = sourcecode.swift; path = BeaconManagerDelegate.swift; sourceTree = "<group>"; };
		9A7E49C21EED9D6900418159 /* BeaconRangingData.swift */ = {isa = PBXFileReference; fileEncoding = 4; lastKnownFileType = sourcecode.swift; path = BeaconRangingData.swift; sourceTree = "<group>"; };
		9A7E49CA1EED9D9800418159 /* CurrentUserLocation.swift */ = {isa = PBXFileReference; fileEncoding = 4; lastKnownFileType = sourcecode.swift; path = CurrentUserLocation.swift; sourceTree = "<group>"; };
		9A7E49CC1EED9E0F00418159 /* MapDataParsing.swift */ = {isa = PBXFileReference; fileEncoding = 4; lastKnownFileType = sourcecode.swift; path = MapDataParsing.swift; sourceTree = "<group>"; };
		9A7E49CE1EED9E1900418159 /* Route.swift */ = {isa = PBXFileReference; fileEncoding = 4; lastKnownFileType = sourcecode.swift; path = Route.swift; sourceTree = "<group>"; };
		9A7E49D01EED9E3200418159 /* LineCoordinates.swift */ = {isa = PBXFileReference; fileEncoding = 4; lastKnownFileType = sourcecode.swift; path = LineCoordinates.swift; sourceTree = "<group>"; };
		9A7E49D21EED9EBE00418159 /* Logger.swift */ = {isa = PBXFileReference; fileEncoding = 4; lastKnownFileType = sourcecode.swift; path = Logger.swift; sourceTree = "<group>"; };
		9A7E49D41EED9EEB00418159 /* DateUtility.swift */ = {isa = PBXFileReference; fileEncoding = 4; lastKnownFileType = sourcecode.swift; path = DateUtility.swift; sourceTree = "<group>"; };
		9A7E49D61EED9F0800418159 /* NSDictionaryUtility.swift */ = {isa = PBXFileReference; fileEncoding = 4; lastKnownFileType = sourcecode.swift; path = NSDictionaryUtility.swift; sourceTree = "<group>"; };
		9A7E49D81EED9F2800418159 /* Geometry.swift */ = {isa = PBXFileReference; fileEncoding = 4; lastKnownFileType = sourcecode.swift; path = Geometry.swift; sourceTree = "<group>"; };
		9A7E49DB1EED9F5000418159 /* APIClient.swift */ = {isa = PBXFileReference; fileEncoding = 4; lastKnownFileType = sourcecode.swift; path = APIClient.swift; sourceTree = "<group>"; };
		9A7E49DC1EED9F5000418159 /* CurrentAPIClient.swift */ = {isa = PBXFileReference; fileEncoding = 4; lastKnownFileType = sourcecode.swift; path = CurrentAPIClient.swift; sourceTree = "<group>"; };
		9A7E49DD1EED9F5000418159 /* Request.swift */ = {isa = PBXFileReference; fileEncoding = 4; lastKnownFileType = sourcecode.swift; path = Request.swift; sourceTree = "<group>"; };
		AC7C7C481EFD59DC00A51CCB /* Elevator.swift */ = {isa = PBXFileReference; fileEncoding = 4; lastKnownFileType = sourcecode.swift; path = Elevator.swift; sourceTree = "<group>"; };
		AC7C7C4A1EFD5AF300A51CCB /* SquareCoordinates.swift */ = {isa = PBXFileReference; fileEncoding = 4; lastKnownFileType = sourcecode.swift; path = SquareCoordinates.swift; sourceTree = "<group>"; };
		AC7C7C4C1EFD5DD200A51CCB /* Position.swift */ = {isa = PBXFileReference; fileEncoding = 4; lastKnownFileType = sourcecode.swift; path = Position.swift; sourceTree = "<group>"; };
		AC7C7C4E1EFD6A0B00A51CCB /* Square.swift */ = {isa = PBXFileReference; fileEncoding = 4; lastKnownFileType = sourcecode.swift; path = Square.swift; sourceTree = "<group>"; };
		AC7C7C501F00E44A00A51CCB /* Travolator.swift */ = {isa = PBXFileReference; fileEncoding = 4; lastKnownFileType = sourcecode.swift; path = Travolator.swift; sourceTree = "<group>"; };
		C35D47E264C85D47229344F2 /* Pods-VirtualMap.debug.xcconfig */ = {isa = PBXFileReference; includeInIndex = 1; lastKnownFileType = text.xcconfig; name = "Pods-VirtualMap.debug.xcconfig"; path = "Pods/Target Support Files/Pods-VirtualMap/Pods-VirtualMap.debug.xcconfig"; sourceTree = "<group>"; };
		E65DA63BCFF4B5C38D3205E3 /* Pods_VirtualMap.framework */ = {isa = PBXFileReference; explicitFileType = wrapper.framework; includeInIndex = 0; path = Pods_VirtualMap.framework; sourceTree = BUILT_PRODUCTS_DIR; };
/* End PBXFileReference section */

/* Begin PBXFrameworksBuildPhase section */
		9A7E47FF1EED933900418159 /* Frameworks */ = {
			isa = PBXFrameworksBuildPhase;
			buildActionMask = 2147483647;
			files = (
				EF8A48DAFC6FF22E04B2BA42 /* Pods_VirtualMap.framework in Frameworks */,
				9A7E49B61EED9BDF00418159 /* libAprilBeaconSDK.a in Frameworks */,
			);
			runOnlyForDeploymentPostprocessing = 0;
		};
/* End PBXFrameworksBuildPhase section */

/* Begin PBXGroup section */
		37D6D9A1BE78664BCDF9A6F0 /* Pods */ = {
			isa = PBXGroup;
			children = (
				C35D47E264C85D47229344F2 /* Pods-VirtualMap.debug.xcconfig */,
				33F23F03D473BE213C1AC3EA /* Pods-VirtualMap.release.xcconfig */,
			);
			name = Pods;
			sourceTree = "<group>";
		};
		6665F148951DC5BD6214A2D9 /* Frameworks */ = {
			isa = PBXGroup;
			children = (
				E65DA63BCFF4B5C38D3205E3 /* Pods_VirtualMap.framework */,
			);
			name = Frameworks;
			sourceTree = "<group>";
		};
		9A7E47F91EED933900418159 = {
			isa = PBXGroup;
			children = (
				9A7E48041EED933900418159 /* VirtualMap */,
				9A7E48031EED933900418159 /* Products */,
				37D6D9A1BE78664BCDF9A6F0 /* Pods */,
				6665F148951DC5BD6214A2D9 /* Frameworks */,
			);
			sourceTree = "<group>";
		};
		9A7E48031EED933900418159 /* Products */ = {
			isa = PBXGroup;
			children = (
				9A7E48021EED933900418159 /* VirtualMap.app */,
			);
			name = Products;
			sourceTree = "<group>";
		};
		9A7E48041EED933900418159 /* VirtualMap */ = {
			isa = PBXGroup;
			children = (
				9A7E49E11EED9FC800418159 /* Utilities */,
				9A7E49DA1EED9F4700418159 /* API */,
				9A7E49BB1EED9D5100418159 /* BeaconManagers */,
				9A7E49B71EED9C6400418159 /* BridgingHeaders */,
				9A7E49AB1EED9BDF00418159 /* AprilSDK */,
				9A7E49971EED9AB700418159 /* MapContent */,
				9A7E49921EED9A8500418159 /* MapSize */,
				9A7E49851EED9A5D00418159 /* DrawObject */,
				9A7E48051EED933900418159 /* AppDelegate.swift */,
				9A7E49CE1EED9E1900418159 /* Route.swift */,
				9A7E49A31EED9B6A00418159 /* ApplicationManager.swift */,
				9A7E49A51EED9B9100418159 /* GestureRecognizerDelegate.swift */,
				9A7E48071EED933900418159 /* MapViewController.swift */,
				9A7E49D01EED9E3200418159 /* LineCoordinates.swift */,
				AC7C7C4A1EFD5AF300A51CCB /* SquareCoordinates.swift */,
				9A7E49D21EED9EBE00418159 /* Logger.swift */,
				9A7E48171EED96E700418159 /* MapView.swift */,
				9A7E49CC1EED9E0F00418159 /* MapDataParsing.swift */,
				9A7E49A61EED9B9100418159 /* GeoLocation.swift */,
				9A7E49D81EED9F2800418159 /* Geometry.swift */,
				9A7E49CA1EED9D9800418159 /* CurrentUserLocation.swift */,
				9A7E49B91EED9D0900418159 /* CoordinatesConverter.swift */,
				9A7E49A91EED9BAC00418159 /* BeaconRangingPoint.swift */,
				9A7E48091EED933900418159 /* Main.storyboard */,
				9A7E480C1EED933900418159 /* Assets.xcassets */,
				9A7E480E1EED933900418159 /* LaunchScreen.storyboard */,
				9A7E48111EED933900418159 /* Info.plist */,
			);
			path = VirtualMap;
			sourceTree = "<group>";
		};
		9A7E49851EED9A5D00418159 /* DrawObject */ = {
			isa = PBXGroup;
			children = (
				9A7E49861EED9A7400418159 /* DrawObject.swift */,
				9A7E49871EED9A7400418159 /* Line.swift */,
				9A7E49881EED9A7400418159 /* Circle.swift */,
				AC7C7C4E1EFD6A0B00A51CCB /* Square.swift */,
				9A7E49891EED9A7400418159 /* BeaconCircle.swift */,
				9A7E498A1EED9A7400418159 /* UserCircle.swift */,
				9A7E498B1EED9A7400418159 /* UserRawCircle.swift */,
			);
			name = DrawObject;
			sourceTree = "<group>";
		};
		9A7E49921EED9A8500418159 /* MapSize */ = {
			isa = PBXGroup;
			children = (
				9A7E49931EED9A9000418159 /* MapBounds.swift */,
				9A7E49941EED9A9000418159 /* MapOffset.swift */,
			);
			name = MapSize;
			sourceTree = "<group>";
		};
		9A7E49971EED9AB700418159 /* MapContent */ = {
			isa = PBXGroup;
			children = (
				9A7E499A1EED9AC700418159 /* FloorContent */,
				9A7E49981EED9AC400418159 /* Floor.swift */,
			);
			name = MapContent;
			sourceTree = "<group>";
		};
		9A7E499A1EED9AC700418159 /* FloorContent */ = {
			isa = PBXGroup;
			children = (
				9A7E499B1EED9AD800418159 /* Wall.swift */,
				9A7E499C1EED9AD800418159 /* Door.swift */,
				9A7E499D1EED9AD800418159 /* DoorWithCoordinates.swift */,
				9A7E499E1EED9AD800418159 /* Beacon.swift */,
				AC7C7C481EFD59DC00A51CCB /* Elevator.swift */,
				AC7C7C501F00E44A00A51CCB /* Travolator.swift */,
				AC7C7C4C1EFD5DD200A51CCB /* Position.swift */,
			);
			name = FloorContent;
			sourceTree = "<group>";
		};
		9A7E49AB1EED9BDF00418159 /* AprilSDK */ = {
			isa = PBXGroup;
			children = (
				9A7E49AC1EED9BDF00418159 /* Headers */,
				9A7E49B51EED9BDF00418159 /* libAprilBeaconSDK.a */,
			);
			path = AprilSDK;
			sourceTree = "<group>";
		};
		9A7E49AC1EED9BDF00418159 /* Headers */ = {
			isa = PBXGroup;
			children = (
				9A7E49AD1EED9BDF00418159 /* ABBeacon.h */,
				9A7E49AE1EED9BDF00418159 /* ABBeaconManager.h */,
				9A7E49AF1EED9BDF00418159 /* ABBeaconRegion.h */,
				9A7E49B01EED9BDF00418159 /* ABBluetoothManager.h */,
				9A7E49B11EED9BDF00418159 /* ABDefinitions.h */,
				9A7E49B21EED9BDF00418159 /* ABError.h */,
				9A7E49B31EED9BDF00418159 /* ABSensor.h */,
				9A7E49B41EED9BDF00418159 /* AprilBeaconSDK.h */,
			);
			path = Headers;
			sourceTree = "<group>";
		};
		9A7E49B71EED9C6400418159 /* BridgingHeaders */ = {
			isa = PBXGroup;
			children = (
				9A7E49B81EED9C7200418159 /* ShopRacer-Bridging-Header.h */,
			);
			name = BridgingHeaders;
			sourceTree = "<group>";
		};
		9A7E49BB1EED9D5100418159 /* BeaconManagers */ = {
			isa = PBXGroup;
			children = (
				9A7E49BC1EED9D6900418159 /* BeaconManager.swift */,
				9A7E49BD1EED9D6900418159 /* TestBeaconManager.swift */,
				9A7E49BE1EED9D6900418159 /* BeaconManagerProtocol.swift */,
				9A7E49BF1EED9D6900418159 /* BluetoothManagerDelegate.swift */,
				9A7E49C01EED9D6900418159 /* BeaconDelegate.swift */,
				9A7E49C11EED9D6900418159 /* BeaconManagerDelegate.swift */,
				9A7E49C21EED9D6900418159 /* BeaconRangingData.swift */,
			);
			name = BeaconManagers;
			sourceTree = "<group>";
		};
		9A7E49DA1EED9F4700418159 /* API */ = {
			isa = PBXGroup;
			children = (
				9A7E49DB1EED9F5000418159 /* APIClient.swift */,
				9A7E49DC1EED9F5000418159 /* CurrentAPIClient.swift */,
				9A7E49DD1EED9F5000418159 /* Request.swift */,
			);
			name = API;
			sourceTree = "<group>";
		};
		9A7E49E11EED9FC800418159 /* Utilities */ = {
			isa = PBXGroup;
			children = (
				9A7E49D41EED9EEB00418159 /* DateUtility.swift */,
				9A7E49D61EED9F0800418159 /* NSDictionaryUtility.swift */,
			);
			name = Utilities;
			sourceTree = "<group>";
		};
/* End PBXGroup section */

/* Begin PBXNativeTarget section */
		9A7E48011EED933900418159 /* VirtualMap */ = {
			isa = PBXNativeTarget;
			buildConfigurationList = 9A7E48141EED933900418159 /* Build configuration list for PBXNativeTarget "VirtualMap" */;
			buildPhases = (
				0CBBCA9323CE391519731598 /* [CP] Check Pods Manifest.lock */,
				9A7E47FE1EED933900418159 /* Sources */,
				9A7E47FF1EED933900418159 /* Frameworks */,
				9A7E48001EED933900418159 /* Resources */,
				986A6E0160DC5C1EDB184C0A /* [CP] Embed Pods Frameworks */,
				B304111FAEE9D93B9BECE478 /* [CP] Copy Pods Resources */,
			);
			buildRules = (
			);
			dependencies = (
			);
			name = VirtualMap;
			productName = VirtualMap;
			productReference = 9A7E48021EED933900418159 /* VirtualMap.app */;
			productType = "com.apple.product-type.application";
		};
/* End PBXNativeTarget section */

/* Begin PBXProject section */
		9A7E47FA1EED933900418159 /* Project object */ = {
			isa = PBXProject;
			attributes = {
				LastSwiftUpdateCheck = 0830;
				LastUpgradeCheck = 0830;
				ORGANIZATIONNAME = "Mac mini";
				TargetAttributes = {
					9A7E48011EED933900418159 = {
						CreatedOnToolsVersion = 8.3.2;
						DevelopmentTeam = BA5N2CG5VC;
						ProvisioningStyle = Automatic;
					};
				};
			};
			buildConfigurationList = 9A7E47FD1EED933900418159 /* Build configuration list for PBXProject "VirtualMap" */;
			compatibilityVersion = "Xcode 3.2";
			developmentRegion = English;
			hasScannedForEncodings = 0;
			knownRegions = (
				en,
				Base,
			);
			mainGroup = 9A7E47F91EED933900418159;
			productRefGroup = 9A7E48031EED933900418159 /* Products */;
			projectDirPath = "";
			projectRoot = "";
			targets = (
				9A7E48011EED933900418159 /* VirtualMap */,
			);
		};
/* End PBXProject section */

/* Begin PBXResourcesBuildPhase section */
		9A7E48001EED933900418159 /* Resources */ = {
			isa = PBXResourcesBuildPhase;
			buildActionMask = 2147483647;
			files = (
				9A7E48101EED933900418159 /* LaunchScreen.storyboard in Resources */,
				9A7E480D1EED933900418159 /* Assets.xcassets in Resources */,
				9A7E480B1EED933900418159 /* Main.storyboard in Resources */,
			);
			runOnlyForDeploymentPostprocessing = 0;
		};
/* End PBXResourcesBuildPhase section */

/* Begin PBXShellScriptBuildPhase section */
		0CBBCA9323CE391519731598 /* [CP] Check Pods Manifest.lock */ = {
			isa = PBXShellScriptBuildPhase;
			buildActionMask = 2147483647;
			files = (
			);
			inputPaths = (
			);
			name = "[CP] Check Pods Manifest.lock";
			outputPaths = (
			);
			runOnlyForDeploymentPostprocessing = 0;
			shellPath = /bin/sh;
			shellScript = "diff \"${PODS_PODFILE_DIR_PATH}/Podfile.lock\" \"${PODS_ROOT}/Manifest.lock\" > /dev/null\nif [ $? != 0 ] ; then\n    # print error to STDERR\n    echo \"error: The sandbox is not in sync with the Podfile.lock. Run 'pod install' or update your CocoaPods installation.\" >&2\n    exit 1\nfi\n";
			showEnvVarsInLog = 0;
		};
		986A6E0160DC5C1EDB184C0A /* [CP] Embed Pods Frameworks */ = {
			isa = PBXShellScriptBuildPhase;
			buildActionMask = 2147483647;
			files = (
			);
			inputPaths = (
			);
			name = "[CP] Embed Pods Frameworks";
			outputPaths = (
			);
			runOnlyForDeploymentPostprocessing = 0;
			shellPath = /bin/sh;
			shellScript = "\"${SRCROOT}/Pods/Target Support Files/Pods-VirtualMap/Pods-VirtualMap-frameworks.sh\"\n";
			showEnvVarsInLog = 0;
		};
		B304111FAEE9D93B9BECE478 /* [CP] Copy Pods Resources */ = {
			isa = PBXShellScriptBuildPhase;
			buildActionMask = 2147483647;
			files = (
			);
			inputPaths = (
			);
			name = "[CP] Copy Pods Resources";
			outputPaths = (
			);
			runOnlyForDeploymentPostprocessing = 0;
			shellPath = /bin/sh;
			shellScript = "\"${SRCROOT}/Pods/Target Support Files/Pods-VirtualMap/Pods-VirtualMap-resources.sh\"\n";
			showEnvVarsInLog = 0;
		};
/* End PBXShellScriptBuildPhase section */

/* Begin PBXSourcesBuildPhase section */
		9A7E47FE1EED933900418159 /* Sources */ = {
			isa = PBXSourcesBuildPhase;
			buildActionMask = 2147483647;
			files = (
				9A7E49991EED9AC400418159 /* Floor.swift in Sources */,
				AC7C7C4F1EFD6A0B00A51CCB /* Square.swift in Sources */,
				9A7E49E01EED9F5000418159 /* Request.swift in Sources */,
				9A7E49D31EED9EBE00418159 /* Logger.swift in Sources */,
				9A7E498C1EED9A7400418159 /* DrawObject.swift in Sources */,
				9A7E49CF1EED9E1900418159 /* Route.swift in Sources */,
				9A7E49D51EED9EEB00418159 /* DateUtility.swift in Sources */,
				9A7E49C71EED9D6900418159 /* BeaconDelegate.swift in Sources */,
				9A7E49D71EED9F0800418159 /* NSDictionaryUtility.swift in Sources */,
				9A7E48081EED933900418159 /* MapViewController.swift in Sources */,
				9A7E49AA1EED9BAC00418159 /* BeaconRangingPoint.swift in Sources */,
				9A7E49DF1EED9F5000418159 /* CurrentAPIClient.swift in Sources */,
				9A7E49C41EED9D6900418159 /* TestBeaconManager.swift in Sources */,
				9A7E48181EED96E700418159 /* MapView.swift in Sources */,
				9A7E499F1EED9AD800418159 /* Wall.swift in Sources */,
				AC7C7C4D1EFD5DD200A51CCB /* Position.swift in Sources */,
				9A7E48061EED933900418159 /* AppDelegate.swift in Sources */,
				9A7E49911EED9A7400418159 /* UserRawCircle.swift in Sources */,
				9A7E49901EED9A7400418159 /* UserCircle.swift in Sources */,
				9A7E49C31EED9D6900418159 /* BeaconManager.swift in Sources */,
				9A7E49C51EED9D6900418159 /* BeaconManagerProtocol.swift in Sources */,
				9A7E498D1EED9A7400418159 /* Line.swift in Sources */,
				9A7E49A81EED9B9100418159 /* GeoLocation.swift in Sources */,
				9A7E49A01EED9AD800418159 /* Door.swift in Sources */,
				9A7E49A71EED9B9100418159 /* GestureRecognizerDelegate.swift in Sources */,
				9A7E49951EED9A9000418159 /* MapBounds.swift in Sources */,
				9A7E49D11EED9E3200418159 /* LineCoordinates.swift in Sources */,
				9A7E49C91EED9D6900418159 /* BeaconRangingData.swift in Sources */,
				9A7E49A11EED9AD800418159 /* DoorWithCoordinates.swift in Sources */,
				AC7C7C511F00E44A00A51CCB /* Travolator.swift in Sources */,
				9A7E49D91EED9F2800418159 /* Geometry.swift in Sources */,
				9A7E49961EED9A9000418159 /* MapOffset.swift in Sources */,
				9A7E49CD1EED9E0F00418159 /* MapDataParsing.swift in Sources */,
				9A7E49DE1EED9F5000418159 /* APIClient.swift in Sources */,
				9A7E498E1EED9A7400418159 /* Circle.swift in Sources */,
				9A7E49BA1EED9D0900418159 /* CoordinatesConverter.swift in Sources */,
				9A7E498F1EED9A7400418159 /* BeaconCircle.swift in Sources */,
				9A7E49A21EED9AD800418159 /* Beacon.swift in Sources */,
				AC7C7C4B1EFD5AF300A51CCB /* SquareCoordinates.swift in Sources */,
				AC7C7C491EFD59DC00A51CCB /* Elevator.swift in Sources */,
				9A7E49A41EED9B6A00418159 /* ApplicationManager.swift in Sources */,
				9A7E49CB1EED9D9800418159 /* CurrentUserLocation.swift in Sources */,
				9A7E49C81EED9D6900418159 /* BeaconManagerDelegate.swift in Sources */,
				9A7E49C61EED9D6900418159 /* BluetoothManagerDelegate.swift in Sources */,
			);
			runOnlyForDeploymentPostprocessing = 0;
		};
/* End PBXSourcesBuildPhase section */

/* Begin PBXVariantGroup section */
		9A7E48091EED933900418159 /* Main.storyboard */ = {
			isa = PBXVariantGroup;
			children = (
				9A7E480A1EED933900418159 /* Base */,
			);
			name = Main.storyboard;
			sourceTree = "<group>";
		};
		9A7E480E1EED933900418159 /* LaunchScreen.storyboard */ = {
			isa = PBXVariantGroup;
			children = (
				9A7E480F1EED933900418159 /* Base */,
			);
			name = LaunchScreen.storyboard;
			sourceTree = "<group>";
		};
/* End PBXVariantGroup section */

/* Begin XCBuildConfiguration section */
		9A7E48121EED933900418159 /* Debug */ = {
			isa = XCBuildConfiguration;
			buildSettings = {
				ALWAYS_SEARCH_USER_PATHS = NO;
				CLANG_ANALYZER_NONNULL = YES;
				CLANG_ANALYZER_NUMBER_OBJECT_CONVERSION = YES_AGGRESSIVE;
				CLANG_CXX_LANGUAGE_STANDARD = "gnu++0x";
				CLANG_CXX_LIBRARY = "libc++";
				CLANG_ENABLE_MODULES = YES;
				CLANG_ENABLE_OBJC_ARC = YES;
				CLANG_WARN_BOOL_CONVERSION = YES;
				CLANG_WARN_CONSTANT_CONVERSION = YES;
				CLANG_WARN_DIRECT_OBJC_ISA_USAGE = YES_ERROR;
				CLANG_WARN_DOCUMENTATION_COMMENTS = YES;
				CLANG_WARN_EMPTY_BODY = YES;
				CLANG_WARN_ENUM_CONVERSION = YES;
				CLANG_WARN_INFINITE_RECURSION = YES;
				CLANG_WARN_INT_CONVERSION = YES;
				CLANG_WARN_OBJC_ROOT_CLASS = YES_ERROR;
				CLANG_WARN_SUSPICIOUS_MOVE = YES;
				CLANG_WARN_UNREACHABLE_CODE = YES;
				CLANG_WARN__DUPLICATE_METHOD_MATCH = YES;
				"CODE_SIGN_IDENTITY[sdk=iphoneos*]" = "iPhone Developer";
				COPY_PHASE_STRIP = NO;
				DEBUG_INFORMATION_FORMAT = dwarf;
				ENABLE_STRICT_OBJC_MSGSEND = YES;
				ENABLE_TESTABILITY = YES;
				GCC_C_LANGUAGE_STANDARD = gnu99;
				GCC_DYNAMIC_NO_PIC = NO;
				GCC_NO_COMMON_BLOCKS = YES;
				GCC_OPTIMIZATION_LEVEL = 0;
				GCC_PREPROCESSOR_DEFINITIONS = (
					"DEBUG=1",
					"$(inherited)",
				);
				GCC_WARN_64_TO_32_BIT_CONVERSION = YES;
				GCC_WARN_ABOUT_RETURN_TYPE = YES_ERROR;
				GCC_WARN_UNDECLARED_SELECTOR = YES;
				GCC_WARN_UNINITIALIZED_AUTOS = YES_AGGRESSIVE;
				GCC_WARN_UNUSED_FUNCTION = YES;
				GCC_WARN_UNUSED_VARIABLE = YES;
				IPHONEOS_DEPLOYMENT_TARGET = 10.3;
				MTL_ENABLE_DEBUG_INFO = YES;
				ONLY_ACTIVE_ARCH = YES;
				SDKROOT = iphoneos;
				SWIFT_ACTIVE_COMPILATION_CONDITIONS = DEBUG;
				SWIFT_OPTIMIZATION_LEVEL = "-Onone";
			};
			name = Debug;
		};
		9A7E48131EED933900418159 /* Release */ = {
			isa = XCBuildConfiguration;
			buildSettings = {
				ALWAYS_SEARCH_USER_PATHS = NO;
				CLANG_ANALYZER_NONNULL = YES;
				CLANG_ANALYZER_NUMBER_OBJECT_CONVERSION = YES_AGGRESSIVE;
				CLANG_CXX_LANGUAGE_STANDARD = "gnu++0x";
				CLANG_CXX_LIBRARY = "libc++";
				CLANG_ENABLE_MODULES = YES;
				CLANG_ENABLE_OBJC_ARC = YES;
				CLANG_WARN_BOOL_CONVERSION = YES;
				CLANG_WARN_CONSTANT_CONVERSION = YES;
				CLANG_WARN_DIRECT_OBJC_ISA_USAGE = YES_ERROR;
				CLANG_WARN_DOCUMENTATION_COMMENTS = YES;
				CLANG_WARN_EMPTY_BODY = YES;
				CLANG_WARN_ENUM_CONVERSION = YES;
				CLANG_WARN_INFINITE_RECURSION = YES;
				CLANG_WARN_INT_CONVERSION = YES;
				CLANG_WARN_OBJC_ROOT_CLASS = YES_ERROR;
				CLANG_WARN_SUSPICIOUS_MOVE = YES;
				CLANG_WARN_UNREACHABLE_CODE = YES;
				CLANG_WARN__DUPLICATE_METHOD_MATCH = YES;
				"CODE_SIGN_IDENTITY[sdk=iphoneos*]" = "iPhone Developer";
				COPY_PHASE_STRIP = NO;
				DEBUG_INFORMATION_FORMAT = "dwarf-with-dsym";
				ENABLE_NS_ASSERTIONS = NO;
				ENABLE_STRICT_OBJC_MSGSEND = YES;
				GCC_C_LANGUAGE_STANDARD = gnu99;
				GCC_NO_COMMON_BLOCKS = YES;
				GCC_WARN_64_TO_32_BIT_CONVERSION = YES;
				GCC_WARN_ABOUT_RETURN_TYPE = YES_ERROR;
				GCC_WARN_UNDECLARED_SELECTOR = YES;
				GCC_WARN_UNINITIALIZED_AUTOS = YES_AGGRESSIVE;
				GCC_WARN_UNUSED_FUNCTION = YES;
				GCC_WARN_UNUSED_VARIABLE = YES;
				IPHONEOS_DEPLOYMENT_TARGET = 10.3;
				MTL_ENABLE_DEBUG_INFO = NO;
				SDKROOT = iphoneos;
				SWIFT_OPTIMIZATION_LEVEL = "-Owholemodule";
				VALIDATE_PRODUCT = YES;
			};
			name = Release;
		};
		9A7E48151EED933900418159 /* Debug */ = {
			isa = XCBuildConfiguration;
			baseConfigurationReference = C35D47E264C85D47229344F2 /* Pods-VirtualMap.debug.xcconfig */;
			buildSettings = {
				ASSETCATALOG_COMPILER_APPICON_NAME = AppIcon;
				DEVELOPMENT_TEAM = BA5N2CG5VC;
				INFOPLIST_FILE = VirtualMap/Info.plist;
				LD_RUNPATH_SEARCH_PATHS = "$(inherited) @executable_path/Frameworks";
				LIBRARY_SEARCH_PATHS = (
					"$(inherited)",
					"$(PROJECT_DIR)/VirtualMap/ShopRacer/AprilSDK",
					"$(PROJECT_DIR)/VirtualMap/AprilSDK",
				);
				PRODUCT_BUNDLE_IDENTIFIER = "com-learn.VirtualMap";
				PRODUCT_NAME = "$(TARGET_NAME)";
				SWIFT_OBJC_BRIDGING_HEADER = "VirtualMap/ShopRacer-Bridging-Header.h";
				SWIFT_VERSION = 3.0;
			};
			name = Debug;
		};
		9A7E48161EED933900418159 /* Release */ = {
			isa = XCBuildConfiguration;
			baseConfigurationReference = 33F23F03D473BE213C1AC3EA /* Pods-VirtualMap.release.xcconfig */;
			buildSettings = {
				ASSETCATALOG_COMPILER_APPICON_NAME = AppIcon;
				DEVELOPMENT_TEAM = BA5N2CG5VC;
				INFOPLIST_FILE = VirtualMap/Info.plist;
				LD_RUNPATH_SEARCH_PATHS = "$(inherited) @executable_path/Frameworks";
				LIBRARY_SEARCH_PATHS = (
					"$(inherited)",
					"$(PROJECT_DIR)/VirtualMap/ShopRacer/AprilSDK",
					"$(PROJECT_DIR)/VirtualMap/AprilSDK",
				);
				PRODUCT_BUNDLE_IDENTIFIER = "com-learn.VirtualMap";
				PRODUCT_NAME = "$(TARGET_NAME)";
				SWIFT_OBJC_BRIDGING_HEADER = "VirtualMap/ShopRacer-Bridging-Header.h";
				SWIFT_VERSION = 3.0;
			};
			name = Release;
		};
/* End XCBuildConfiguration section */

/* Begin XCConfigurationList section */
		9A7E47FD1EED933900418159 /* Build configuration list for PBXProject "VirtualMap" */ = {
			isa = XCConfigurationList;
			buildConfigurations = (
				9A7E48121EED933900418159 /* Debug */,
				9A7E48131EED933900418159 /* Release */,
			);
			defaultConfigurationIsVisible = 0;
			defaultConfigurationName = Release;
		};
		9A7E48141EED933900418159 /* Build configuration list for PBXNativeTarget "VirtualMap" */ = {
			isa = XCConfigurationList;
			buildConfigurations = (
				9A7E48151EED933900418159 /* Debug */,
				9A7E48161EED933900418159 /* Release */,
			);
			defaultConfigurationIsVisible = 0;
			defaultConfigurationName = Release;
		};
/* End XCConfigurationList section */
	};
	rootObject = 9A7E47FA1EED933900418159 /* Project object */;
}
